
Microsoft Visual Studio Solution File, Format Version 12.00
# Visual Studio 2012
VisualStudioVersion = 12.0.30501.0
MinimumVisualStudioVersion = 10.0.40219.1
Project("{2150E333-8FDC-42A3-9474-1A3956D46DE8}") = ".nuget", ".nuget", "{55D76C68-7BB9-44B2-9156-B49D14B45318}"
	ProjectSection(SolutionItems) = preProject
		.nuget\NuGet.Config = .nuget\NuGet.Config
		.nuget\NuGet.exe = .nuget\NuGet.exe
		.nuget\NuGet.targets = .nuget\NuGet.targets
	EndProjectSection
EndProject
Project("{2150E333-8FDC-42A3-9474-1A3956D46DE8}") = "Dialogs", "Dialogs", "{FCFAB0F4-5829-4611-901F-4DBB98552FDE}"
EndProject
Project("{FAE04EC0-301F-11D3-BF4B-00C04F79EFBC}") = "Dialogs", "Dialogs\Dialogs.csproj", "{244344ED-821F-429D-99BB-643504BA916C}"
EndProject
Project("{FAE04EC0-301F-11D3-BF4B-00C04F79EFBC}") = "Dialogs.WindowsPhone", "Dialogs.WindowsPhone\Dialogs.WindowsPhone.csproj", "{28603CF1-EB95-4617-84A0-4E0B0A4FC368}"
EndProject
Project("{FAE04EC0-301F-11D3-BF4B-00C04F79EFBC}") = "Dialogs.Touch", "Dialogs.Touch\Dialogs.Touch.csproj", "{94F187BE-99E0-4A71-9F5A-DEB227B811FC}"
EndProject
Project("{FAE04EC0-301F-11D3-BF4B-00C04F79EFBC}") = "Dialogs.Droid", "Dialogs.Droid\Dialogs.Droid.csproj", "{4C5AABDF-D352-498F-A59A-70BD3D1EB30D}"
EndProject
Project("{2150E333-8FDC-42A3-9474-1A3956D46DE8}") = "Sample App", "Sample App", "{76243B73-9FC7-4EE1-841B-2EF2C01263EB}"
EndProject
Project("{FAE04EC0-301F-11D3-BF4B-00C04F79EFBC}") = "Sample.Phone", "Sample.Phone\Sample.Phone.csproj", "{4EF67590-11AA-49AF-830B-1144B96AE1E6}"
EndProject
Project("{FAE04EC0-301F-11D3-BF4B-00C04F79EFBC}") = "Sample.Core", "Sample.Core\Sample.Core.csproj", "{8BD51290-2E41-42A6-B756-A6FD9CE82515}"
EndProject
Project("{FAE04EC0-301F-11D3-BF4B-00C04F79EFBC}") = "Sample.Droid", "Sample.Droid\Sample.Droid.csproj", "{3CBA333F-6BAF-478C-8C88-D466EBF89E74}"
EndProject
Project("{FAE04EC0-301F-11D3-BF4B-00C04F79EFBC}") = "Sample.Touch", "Sample.Touch\Sample.Touch.csproj", "{9E8BE03E-3D60-46C3-9343-DC8CFD0A7C50}"
EndProject
Project("{2150E333-8FDC-42A3-9474-1A3956D46DE8}") = "GitHub stuff", "GitHub stuff", "{9B38591F-58FF-42F6-8729-0048DCCC571D}"
	ProjectSection(SolutionItems) = preProject
		license.txt = license.txt
	EndProjectSection
EndProject
Global
	GlobalSection(SolutionConfigurationPlatforms) = preSolution
		Ad-Hoc|Any CPU = Ad-Hoc|Any CPU
		Ad-Hoc|ARM = Ad-Hoc|ARM
		Ad-Hoc|iPhone = Ad-Hoc|iPhone
		Ad-Hoc|iPhoneSimulator = Ad-Hoc|iPhoneSimulator
		Ad-Hoc|Mixed Platforms = Ad-Hoc|Mixed Platforms
		Ad-Hoc|x86 = Ad-Hoc|x86
		AppStore|Any CPU = AppStore|Any CPU
		AppStore|ARM = AppStore|ARM
		AppStore|iPhone = AppStore|iPhone
		AppStore|iPhoneSimulator = AppStore|iPhoneSimulator
		AppStore|Mixed Platforms = AppStore|Mixed Platforms
		AppStore|x86 = AppStore|x86
		Debug|Any CPU = Debug|Any CPU
		Debug|ARM = Debug|ARM
		Debug|iPhone = Debug|iPhone
		Debug|iPhoneSimulator = Debug|iPhoneSimulator
		Debug|Mixed Platforms = Debug|Mixed Platforms
		Debug|x86 = Debug|x86
		Release|Any CPU = Release|Any CPU
		Release|ARM = Release|ARM
		Release|iPhone = Release|iPhone
		Release|iPhoneSimulator = Release|iPhoneSimulator
		Release|Mixed Platforms = Release|Mixed Platforms
		Release|x86 = Release|x86
	EndGlobalSection
	GlobalSection(ProjectConfigurationPlatforms) = postSolution
		{244344ED-821F-429D-99BB-643504BA916C}.Ad-Hoc|Any CPU.ActiveCfg = Release|Any CPU
		{244344ED-821F-429D-99BB-643504BA916C}.Ad-Hoc|Any CPU.Build.0 = Release|Any CPU
		{244344ED-821F-429D-99BB-643504BA916C}.Ad-Hoc|ARM.ActiveCfg = Release|Any CPU
		{244344ED-821F-429D-99BB-643504BA916C}.Ad-Hoc|iPhone.ActiveCfg = Release|Any CPU
		{244344ED-821F-429D-99BB-643504BA916C}.Ad-Hoc|iPhoneSimulator.ActiveCfg = Release|Any CPU
		{244344ED-821F-429D-99BB-643504BA916C}.Ad-Hoc|Mixed Platforms.ActiveCfg = Release|Any CPU
		{244344ED-821F-429D-99BB-643504BA916C}.Ad-Hoc|Mixed Platforms.Build.0 = Release|Any CPU
		{244344ED-821F-429D-99BB-643504BA916C}.Ad-Hoc|x86.ActiveCfg = Release|Any CPU
		{244344ED-821F-429D-99BB-643504BA916C}.AppStore|Any CPU.ActiveCfg = Release|Any CPU
		{244344ED-821F-429D-99BB-643504BA916C}.AppStore|Any CPU.Build.0 = Release|Any CPU
		{244344ED-821F-429D-99BB-643504BA916C}.AppStore|ARM.ActiveCfg = Release|Any CPU
		{244344ED-821F-429D-99BB-643504BA916C}.AppStore|iPhone.ActiveCfg = Release|Any CPU
		{244344ED-821F-429D-99BB-643504BA916C}.AppStore|iPhoneSimulator.ActiveCfg = Release|Any CPU
		{244344ED-821F-429D-99BB-643504BA916C}.AppStore|Mixed Platforms.ActiveCfg = Release|Any CPU
		{244344ED-821F-429D-99BB-643504BA916C}.AppStore|Mixed Platforms.Build.0 = Release|Any CPU
		{244344ED-821F-429D-99BB-643504BA916C}.AppStore|x86.ActiveCfg = Release|Any CPU
		{244344ED-821F-429D-99BB-643504BA916C}.Debug|Any CPU.ActiveCfg = Debug|Any CPU
		{244344ED-821F-429D-99BB-643504BA916C}.Debug|Any CPU.Build.0 = Debug|Any CPU
		{244344ED-821F-429D-99BB-643504BA916C}.Debug|ARM.ActiveCfg = Debug|Any CPU
		{244344ED-821F-429D-99BB-643504BA916C}.Debug|iPhone.ActiveCfg = Debug|Any CPU
		{244344ED-821F-429D-99BB-643504BA916C}.Debug|iPhone.Build.0 = Debug|Any CPU
		{244344ED-821F-429D-99BB-643504BA916C}.Debug|iPhoneSimulator.ActiveCfg = Debug|Any CPU
		{244344ED-821F-429D-99BB-643504BA916C}.Debug|iPhoneSimulator.Build.0 = Debug|Any CPU
		{244344ED-821F-429D-99BB-643504BA916C}.Debug|Mixed Platforms.ActiveCfg = Debug|Any CPU
		{244344ED-821F-429D-99BB-643504BA916C}.Debug|Mixed Platforms.Build.0 = Debug|Any CPU
		{244344ED-821F-429D-99BB-643504BA916C}.Debug|x86.ActiveCfg = Debug|Any CPU
		{244344ED-821F-429D-99BB-643504BA916C}.Release|Any CPU.ActiveCfg = Release|Any CPU
		{244344ED-821F-429D-99BB-643504BA916C}.Release|Any CPU.Build.0 = Release|Any CPU
		{244344ED-821F-429D-99BB-643504BA916C}.Release|ARM.ActiveCfg = Release|Any CPU
		{244344ED-821F-429D-99BB-643504BA916C}.Release|iPhone.ActiveCfg = Release|Any CPU
		{244344ED-821F-429D-99BB-643504BA916C}.Release|iPhoneSimulator.ActiveCfg = Release|Any CPU
		{244344ED-821F-429D-99BB-643504BA916C}.Release|Mixed Platforms.ActiveCfg = Release|Any CPU
		{244344ED-821F-429D-99BB-643504BA916C}.Release|Mixed Platforms.Build.0 = Release|Any CPU
		{244344ED-821F-429D-99BB-643504BA916C}.Release|x86.ActiveCfg = Release|Any CPU
		{3CBA333F-6BAF-478C-8C88-D466EBF89E74}.Ad-Hoc|Any CPU.ActiveCfg = Release|Any CPU
		{3CBA333F-6BAF-478C-8C88-D466EBF89E74}.Ad-Hoc|Any CPU.Build.0 = Release|Any CPU
		{3CBA333F-6BAF-478C-8C88-D466EBF89E74}.Ad-Hoc|Any CPU.Deploy.0 = Release|Any CPU
		{3CBA333F-6BAF-478C-8C88-D466EBF89E74}.Ad-Hoc|ARM.ActiveCfg = Release|Any CPU
		{3CBA333F-6BAF-478C-8C88-D466EBF89E74}.Ad-Hoc|iPhone.ActiveCfg = Release|Any CPU
		{3CBA333F-6BAF-478C-8C88-D466EBF89E74}.Ad-Hoc|iPhoneSimulator.ActiveCfg = Release|Any CPU
		{3CBA333F-6BAF-478C-8C88-D466EBF89E74}.Ad-Hoc|Mixed Platforms.ActiveCfg = Release|Any CPU
		{3CBA333F-6BAF-478C-8C88-D466EBF89E74}.Ad-Hoc|Mixed Platforms.Build.0 = Release|Any CPU
		{3CBA333F-6BAF-478C-8C88-D466EBF89E74}.Ad-Hoc|Mixed Platforms.Deploy.0 = Release|Any CPU
		{3CBA333F-6BAF-478C-8C88-D466EBF89E74}.Ad-Hoc|x86.ActiveCfg = Release|Any CPU
		{3CBA333F-6BAF-478C-8C88-D466EBF89E74}.AppStore|Any CPU.ActiveCfg = Release|Any CPU
		{3CBA333F-6BAF-478C-8C88-D466EBF89E74}.AppStore|Any CPU.Build.0 = Release|Any CPU
		{3CBA333F-6BAF-478C-8C88-D466EBF89E74}.AppStore|Any CPU.Deploy.0 = Release|Any CPU
		{3CBA333F-6BAF-478C-8C88-D466EBF89E74}.AppStore|ARM.ActiveCfg = Release|Any CPU
		{3CBA333F-6BAF-478C-8C88-D466EBF89E74}.AppStore|iPhone.ActiveCfg = Release|Any CPU
		{3CBA333F-6BAF-478C-8C88-D466EBF89E74}.AppStore|iPhoneSimulator.ActiveCfg = Release|Any CPU
		{3CBA333F-6BAF-478C-8C88-D466EBF89E74}.AppStore|Mixed Platforms.ActiveCfg = Release|Any CPU
		{3CBA333F-6BAF-478C-8C88-D466EBF89E74}.AppStore|Mixed Platforms.Build.0 = Release|Any CPU
		{3CBA333F-6BAF-478C-8C88-D466EBF89E74}.AppStore|Mixed Platforms.Deploy.0 = Release|Any CPU
		{3CBA333F-6BAF-478C-8C88-D466EBF89E74}.AppStore|x86.ActiveCfg = Release|Any CPU
		{3CBA333F-6BAF-478C-8C88-D466EBF89E74}.Debug|Any CPU.ActiveCfg = Debug|Any CPU
		{3CBA333F-6BAF-478C-8C88-D466EBF89E74}.Debug|Any CPU.Build.0 = Debug|Any CPU
		{3CBA333F-6BAF-478C-8C88-D466EBF89E74}.Debug|Any CPU.Deploy.0 = Debug|Any CPU
		{3CBA333F-6BAF-478C-8C88-D466EBF89E74}.Debug|ARM.ActiveCfg = Debug|Any CPU
		{3CBA333F-6BAF-478C-8C88-D466EBF89E74}.Debug|iPhone.ActiveCfg = Debug|Any CPU
		{3CBA333F-6BAF-478C-8C88-D466EBF89E74}.Debug|iPhoneSimulator.ActiveCfg = Debug|Any CPU
		{3CBA333F-6BAF-478C-8C88-D466EBF89E74}.Debug|Mixed Platforms.ActiveCfg = Debug|Any CPU
		{3CBA333F-6BAF-478C-8C88-D466EBF89E74}.Debug|Mixed Platforms.Build.0 = Debug|Any CPU
		{3CBA333F-6BAF-478C-8C88-D466EBF89E74}.Debug|Mixed Platforms.Deploy.0 = Debug|Any CPU
		{3CBA333F-6BAF-478C-8C88-D466EBF89E74}.Debug|x86.ActiveCfg = Debug|Any CPU
		{3CBA333F-6BAF-478C-8C88-D466EBF89E74}.Release|Any CPU.ActiveCfg = Release|Any CPU
		{3CBA333F-6BAF-478C-8C88-D466EBF89E74}.Release|Any CPU.Build.0 = Release|Any CPU
		{3CBA333F-6BAF-478C-8C88-D466EBF89E74}.Release|Any CPU.Deploy.0 = Release|Any CPU
		{3CBA333F-6BAF-478C-8C88-D466EBF89E74}.Release|ARM.ActiveCfg = Release|Any CPU
		{3CBA333F-6BAF-478C-8C88-D466EBF89E74}.Release|iPhone.ActiveCfg = Release|Any CPU
		{3CBA333F-6BAF-478C-8C88-D466EBF89E74}.Release|iPhoneSimulator.ActiveCfg = Release|Any CPU
		{3CBA333F-6BAF-478C-8C88-D466EBF89E74}.Release|Mixed Platforms.ActiveCfg = Release|Any CPU
		{3CBA333F-6BAF-478C-8C88-D466EBF89E74}.Release|Mixed Platforms.Build.0 = Release|Any CPU
		{3CBA333F-6BAF-478C-8C88-D466EBF89E74}.Release|Mixed Platforms.Deploy.0 = Release|Any CPU
		{3CBA333F-6BAF-478C-8C88-D466EBF89E74}.Release|x86.ActiveCfg = Release|Any CPU
		{4C5AABDF-D352-498F-A59A-70BD3D1EB30D}.Ad-Hoc|Any CPU.ActiveCfg = Release|Any CPU
		{4C5AABDF-D352-498F-A59A-70BD3D1EB30D}.Ad-Hoc|Any CPU.Build.0 = Release|Any CPU
		{4C5AABDF-D352-498F-A59A-70BD3D1EB30D}.Ad-Hoc|ARM.ActiveCfg = Release|Any CPU
		{4C5AABDF-D352-498F-A59A-70BD3D1EB30D}.Ad-Hoc|iPhone.ActiveCfg = Release|Any CPU
		{4C5AABDF-D352-498F-A59A-70BD3D1EB30D}.Ad-Hoc|iPhoneSimulator.ActiveCfg = Release|Any CPU
		{4C5AABDF-D352-498F-A59A-70BD3D1EB30D}.Ad-Hoc|Mixed Platforms.ActiveCfg = Release|Any CPU
		{4C5AABDF-D352-498F-A59A-70BD3D1EB30D}.Ad-Hoc|Mixed Platforms.Build.0 = Release|Any CPU
		{4C5AABDF-D352-498F-A59A-70BD3D1EB30D}.Ad-Hoc|x86.ActiveCfg = Release|Any CPU
		{4C5AABDF-D352-498F-A59A-70BD3D1EB30D}.AppStore|Any CPU.ActiveCfg = Release|Any CPU
		{4C5AABDF-D352-498F-A59A-70BD3D1EB30D}.AppStore|Any CPU.Build.0 = Release|Any CPU
		{4C5AABDF-D352-498F-A59A-70BD3D1EB30D}.AppStore|ARM.ActiveCfg = Release|Any CPU
		{4C5AABDF-D352-498F-A59A-70BD3D1EB30D}.AppStore|iPhone.ActiveCfg = Release|Any CPU
		{4C5AABDF-D352-498F-A59A-70BD3D1EB30D}.AppStore|iPhoneSimulator.ActiveCfg = Release|Any CPU
		{4C5AABDF-D352-498F-A59A-70BD3D1EB30D}.AppStore|Mixed Platforms.ActiveCfg = Release|Any CPU
		{4C5AABDF-D352-498F-A59A-70BD3D1EB30D}.AppStore|Mixed Platforms.Build.0 = Release|Any CPU
		{4C5AABDF-D352-498F-A59A-70BD3D1EB30D}.AppStore|x86.ActiveCfg = Release|Any CPU
		{4C5AABDF-D352-498F-A59A-70BD3D1EB30D}.Debug|Any CPU.ActiveCfg = Debug|Any CPU
		{4C5AABDF-D352-498F-A59A-70BD3D1EB30D}.Debug|Any CPU.Build.0 = Debug|Any CPU
		{4C5AABDF-D352-498F-A59A-70BD3D1EB30D}.Debug|ARM.ActiveCfg = Debug|Any CPU
		{4C5AABDF-D352-498F-A59A-70BD3D1EB30D}.Debug|iPhone.ActiveCfg = Debug|Any CPU
		{4C5AABDF-D352-498F-A59A-70BD3D1EB30D}.Debug|iPhoneSimulator.ActiveCfg = Debug|Any CPU
		{4C5AABDF-D352-498F-A59A-70BD3D1EB30D}.Debug|Mixed Platforms.ActiveCfg = Debug|Any CPU
		{4C5AABDF-D352-498F-A59A-70BD3D1EB30D}.Debug|Mixed Platforms.Build.0 = Debug|Any CPU
		{4C5AABDF-D352-498F-A59A-70BD3D1EB30D}.Debug|x86.ActiveCfg = Debug|Any CPU
		{4C5AABDF-D352-498F-A59A-70BD3D1EB30D}.Release|Any CPU.ActiveCfg = Release|Any CPU
		{4C5AABDF-D352-498F-A59A-70BD3D1EB30D}.Release|Any CPU.Build.0 = Release|Any CPU
		{4C5AABDF-D352-498F-A59A-70BD3D1EB30D}.Release|ARM.ActiveCfg = Release|Any CPU
		{4C5AABDF-D352-498F-A59A-70BD3D1EB30D}.Release|iPhone.ActiveCfg = Release|Any CPU
		{4C5AABDF-D352-498F-A59A-70BD3D1EB30D}.Release|iPhoneSimulator.ActiveCfg = Release|Any CPU
		{4C5AABDF-D352-498F-A59A-70BD3D1EB30D}.Release|Mixed Platforms.ActiveCfg = Release|Any CPU
		{4C5AABDF-D352-498F-A59A-70BD3D1EB30D}.Release|Mixed Platforms.Build.0 = Release|Any CPU
		{4C5AABDF-D352-498F-A59A-70BD3D1EB30D}.Release|x86.ActiveCfg = Release|Any CPU
		{8BD51290-2E41-42A6-B756-A6FD9CE82515}.Ad-Hoc|Any CPU.ActiveCfg = Release|Any CPU
		{8BD51290-2E41-42A6-B756-A6FD9CE82515}.Ad-Hoc|Any CPU.Build.0 = Release|Any CPU
		{8BD51290-2E41-42A6-B756-A6FD9CE82515}.Ad-Hoc|ARM.ActiveCfg = Release|Any CPU
		{8BD51290-2E41-42A6-B756-A6FD9CE82515}.Ad-Hoc|iPhone.ActiveCfg = Release|Any CPU
		{8BD51290-2E41-42A6-B756-A6FD9CE82515}.Ad-Hoc|iPhoneSimulator.ActiveCfg = Release|Any CPU
		{8BD51290-2E41-42A6-B756-A6FD9CE82515}.Ad-Hoc|Mixed Platforms.ActiveCfg = Release|Any CPU
		{8BD51290-2E41-42A6-B756-A6FD9CE82515}.Ad-Hoc|Mixed Platforms.Build.0 = Release|Any CPU
		{8BD51290-2E41-42A6-B756-A6FD9CE82515}.Ad-Hoc|x86.ActiveCfg = Release|Any CPU
		{8BD51290-2E41-42A6-B756-A6FD9CE82515}.AppStore|Any CPU.ActiveCfg = Release|Any CPU
		{8BD51290-2E41-42A6-B756-A6FD9CE82515}.AppStore|Any CPU.Build.0 = Release|Any CPU
		{8BD51290-2E41-42A6-B756-A6FD9CE82515}.AppStore|ARM.ActiveCfg = Release|Any CPU
		{8BD51290-2E41-42A6-B756-A6FD9CE82515}.AppStore|iPhone.ActiveCfg = Release|Any CPU
		{8BD51290-2E41-42A6-B756-A6FD9CE82515}.AppStore|iPhoneSimulator.ActiveCfg = Release|Any CPU
		{8BD51290-2E41-42A6-B756-A6FD9CE82515}.AppStore|Mixed Platforms.ActiveCfg = Release|Any CPU
		{8BD51290-2E41-42A6-B756-A6FD9CE82515}.AppStore|Mixed Platforms.Build.0 = Release|Any CPU
		{8BD51290-2E41-42A6-B756-A6FD9CE82515}.AppStore|x86.ActiveCfg = Release|Any CPU
		{8BD51290-2E41-42A6-B756-A6FD9CE82515}.Debug|Any CPU.ActiveCfg = Debug|Any CPU
		{8BD51290-2E41-42A6-B756-A6FD9CE82515}.Debug|Any CPU.Build.0 = Debug|Any CPU
		{8BD51290-2E41-42A6-B756-A6FD9CE82515}.Debug|ARM.ActiveCfg = Debug|Any CPU
		{8BD51290-2E41-42A6-B756-A6FD9CE82515}.Debug|iPhone.ActiveCfg = Debug|Any CPU
		{8BD51290-2E41-42A6-B756-A6FD9CE82515}.Debug|iPhone.Build.0 = Debug|Any CPU
		{8BD51290-2E41-42A6-B756-A6FD9CE82515}.Debug|iPhoneSimulator.ActiveCfg = Debug|Any CPU
		{8BD51290-2E41-42A6-B756-A6FD9CE82515}.Debug|iPhoneSimulator.Build.0 = Debug|Any CPU
		{8BD51290-2E41-42A6-B756-A6FD9CE82515}.Debug|Mixed Platforms.ActiveCfg = Debug|Any CPU
		{8BD51290-2E41-42A6-B756-A6FD9CE82515}.Debug|Mixed Platforms.Build.0 = Debug|Any CPU
		{8BD51290-2E41-42A6-B756-A6FD9CE82515}.Debug|x86.ActiveCfg = Debug|Any CPU
		{8BD51290-2E41-42A6-B756-A6FD9CE82515}.Release|Any CPU.ActiveCfg = Release|Any CPU
		{8BD51290-2E41-42A6-B756-A6FD9CE82515}.Release|Any CPU.Build.0 = Release|Any CPU
		{8BD51290-2E41-42A6-B756-A6FD9CE82515}.Release|ARM.ActiveCfg = Release|Any CPU
		{8BD51290-2E41-42A6-B756-A6FD9CE82515}.Release|iPhone.ActiveCfg = Release|Any CPU
		{8BD51290-2E41-42A6-B756-A6FD9CE82515}.Release|iPhoneSimulator.ActiveCfg = Release|Any CPU
		{8BD51290-2E41-42A6-B756-A6FD9CE82515}.Release|Mixed Platforms.ActiveCfg = Release|Any CPU
		{8BD51290-2E41-42A6-B756-A6FD9CE82515}.Release|Mixed Platforms.Build.0 = Release|Any CPU
		{8BD51290-2E41-42A6-B756-A6FD9CE82515}.Release|x86.ActiveCfg = Release|Any CPU
		{94F187BE-99E0-4A71-9F5A-DEB227B811FC}.Ad-Hoc|Any CPU.ActiveCfg = Release|Any CPU
		{94F187BE-99E0-4A71-9F5A-DEB227B811FC}.Ad-Hoc|Any CPU.Build.0 = Release|Any CPU
		{94F187BE-99E0-4A71-9F5A-DEB227B811FC}.Ad-Hoc|ARM.ActiveCfg = Release|Any CPU
		{94F187BE-99E0-4A71-9F5A-DEB227B811FC}.Ad-Hoc|iPhone.ActiveCfg = Release|Any CPU
		{94F187BE-99E0-4A71-9F5A-DEB227B811FC}.Ad-Hoc|iPhoneSimulator.ActiveCfg = Release|Any CPU
		{94F187BE-99E0-4A71-9F5A-DEB227B811FC}.Ad-Hoc|Mixed Platforms.ActiveCfg = Release|Any CPU
		{94F187BE-99E0-4A71-9F5A-DEB227B811FC}.Ad-Hoc|Mixed Platforms.Build.0 = Release|Any CPU
		{94F187BE-99E0-4A71-9F5A-DEB227B811FC}.Ad-Hoc|x86.ActiveCfg = Release|Any CPU
		{94F187BE-99E0-4A71-9F5A-DEB227B811FC}.AppStore|Any CPU.ActiveCfg = Release|Any CPU
		{94F187BE-99E0-4A71-9F5A-DEB227B811FC}.AppStore|Any CPU.Build.0 = Release|Any CPU
		{94F187BE-99E0-4A71-9F5A-DEB227B811FC}.AppStore|ARM.ActiveCfg = Release|Any CPU
		{94F187BE-99E0-4A71-9F5A-DEB227B811FC}.AppStore|iPhone.ActiveCfg = Release|Any CPU
		{94F187BE-99E0-4A71-9F5A-DEB227B811FC}.AppStore|iPhoneSimulator.ActiveCfg = Release|Any CPU
		{94F187BE-99E0-4A71-9F5A-DEB227B811FC}.AppStore|Mixed Platforms.ActiveCfg = Release|Any CPU
		{94F187BE-99E0-4A71-9F5A-DEB227B811FC}.AppStore|Mixed Platforms.Build.0 = Release|Any CPU
		{94F187BE-99E0-4A71-9F5A-DEB227B811FC}.AppStore|x86.ActiveCfg = Release|Any CPU
		{94F187BE-99E0-4A71-9F5A-DEB227B811FC}.Debug|Any CPU.ActiveCfg = Debug|Any CPU
		{94F187BE-99E0-4A71-9F5A-DEB227B811FC}.Debug|Any CPU.Build.0 = Debug|Any CPU
		{94F187BE-99E0-4A71-9F5A-DEB227B811FC}.Debug|ARM.ActiveCfg = Debug|Any CPU
		{94F187BE-99E0-4A71-9F5A-DEB227B811FC}.Debug|iPhone.ActiveCfg = Debug|Any CPU
		{94F187BE-99E0-4A71-9F5A-DEB227B811FC}.Debug|iPhone.Build.0 = Debug|Any CPU
		{94F187BE-99E0-4A71-9F5A-DEB227B811FC}.Debug|iPhoneSimulator.ActiveCfg = Debug|Any CPU
		{94F187BE-99E0-4A71-9F5A-DEB227B811FC}.Debug|iPhoneSimulator.Build.0 = Debug|Any CPU
		{94F187BE-99E0-4A71-9F5A-DEB227B811FC}.Debug|Mixed Platforms.ActiveCfg = Debug|Any CPU
		{94F187BE-99E0-4A71-9F5A-DEB227B811FC}.Debug|Mixed Platforms.Build.0 = Debug|Any CPU
		{94F187BE-99E0-4A71-9F5A-DEB227B811FC}.Debug|x86.ActiveCfg = Debug|Any CPU
		{94F187BE-99E0-4A71-9F5A-DEB227B811FC}.Release|Any CPU.ActiveCfg = Release|Any CPU
		{94F187BE-99E0-4A71-9F5A-DEB227B811FC}.Release|Any CPU.Build.0 = Release|Any CPU
		{94F187BE-99E0-4A71-9F5A-DEB227B811FC}.Release|ARM.ActiveCfg = Release|Any CPU
		{94F187BE-99E0-4A71-9F5A-DEB227B811FC}.Release|iPhone.ActiveCfg = Release|Any CPU
		{94F187BE-99E0-4A71-9F5A-DEB227B811FC}.Release|iPhoneSimulator.ActiveCfg = Release|Any CPU
		{94F187BE-99E0-4A71-9F5A-DEB227B811FC}.Release|Mixed Platforms.ActiveCfg = Release|Any CPU
		{94F187BE-99E0-4A71-9F5A-DEB227B811FC}.Release|Mixed Platforms.Build.0 = Release|Any CPU
		{94F187BE-99E0-4A71-9F5A-DEB227B811FC}.Release|x86.ActiveCfg = Release|Any CPU
		{9E8BE03E-3D60-46C3-9343-DC8CFD0A7C50}.Ad-Hoc|Any CPU.ActiveCfg = Ad-Hoc|iPhone
		{9E8BE03E-3D60-46C3-9343-DC8CFD0A7C50}.Ad-Hoc|ARM.ActiveCfg = Ad-Hoc|iPhone
		{9E8BE03E-3D60-46C3-9343-DC8CFD0A7C50}.Ad-Hoc|iPhone.ActiveCfg = Ad-Hoc|iPhone
		{9E8BE03E-3D60-46C3-9343-DC8CFD0A7C50}.Ad-Hoc|iPhone.Build.0 = Ad-Hoc|iPhone
		{9E8BE03E-3D60-46C3-9343-DC8CFD0A7C50}.Ad-Hoc|iPhone.Deploy.0 = Ad-Hoc|iPhone
		{9E8BE03E-3D60-46C3-9343-DC8CFD0A7C50}.Ad-Hoc|iPhoneSimulator.ActiveCfg = Ad-Hoc|iPhoneSimulator
		{9E8BE03E-3D60-46C3-9343-DC8CFD0A7C50}.Ad-Hoc|iPhoneSimulator.Build.0 = Ad-Hoc|iPhoneSimulator
		{9E8BE03E-3D60-46C3-9343-DC8CFD0A7C50}.Ad-Hoc|iPhoneSimulator.Deploy.0 = Ad-Hoc|iPhoneSimulator
		{9E8BE03E-3D60-46C3-9343-DC8CFD0A7C50}.Ad-Hoc|Mixed Platforms.ActiveCfg = Ad-Hoc|iPhone
		{9E8BE03E-3D60-46C3-9343-DC8CFD0A7C50}.Ad-Hoc|Mixed Platforms.Build.0 = Ad-Hoc|iPhone
		{9E8BE03E-3D60-46C3-9343-DC8CFD0A7C50}.Ad-Hoc|Mixed Platforms.Deploy.0 = Ad-Hoc|iPhone
		{9E8BE03E-3D60-46C3-9343-DC8CFD0A7C50}.Ad-Hoc|x86.ActiveCfg = Ad-Hoc|iPhone
		{9E8BE03E-3D60-46C3-9343-DC8CFD0A7C50}.AppStore|Any CPU.ActiveCfg = AppStore|iPhone
		{9E8BE03E-3D60-46C3-9343-DC8CFD0A7C50}.AppStore|ARM.ActiveCfg = AppStore|iPhone
		{9E8BE03E-3D60-46C3-9343-DC8CFD0A7C50}.AppStore|iPhone.ActiveCfg = AppStore|iPhone
		{9E8BE03E-3D60-46C3-9343-DC8CFD0A7C50}.AppStore|iPhone.Build.0 = AppStore|iPhone
		{9E8BE03E-3D60-46C3-9343-DC8CFD0A7C50}.AppStore|iPhone.Deploy.0 = AppStore|iPhone
		{9E8BE03E-3D60-46C3-9343-DC8CFD0A7C50}.AppStore|iPhoneSimulator.ActiveCfg = AppStore|iPhoneSimulator
		{9E8BE03E-3D60-46C3-9343-DC8CFD0A7C50}.AppStore|iPhoneSimulator.Build.0 = AppStore|iPhoneSimulator
		{9E8BE03E-3D60-46C3-9343-DC8CFD0A7C50}.AppStore|iPhoneSimulator.Deploy.0 = AppStore|iPhoneSimulator
		{9E8BE03E-3D60-46C3-9343-DC8CFD0A7C50}.AppStore|Mixed Platforms.ActiveCfg = AppStore|iPhone
		{9E8BE03E-3D60-46C3-9343-DC8CFD0A7C50}.AppStore|Mixed Platforms.Build.0 = AppStore|iPhone
		{9E8BE03E-3D60-46C3-9343-DC8CFD0A7C50}.AppStore|Mixed Platforms.Deploy.0 = AppStore|iPhone
		{9E8BE03E-3D60-46C3-9343-DC8CFD0A7C50}.AppStore|x86.ActiveCfg = AppStore|iPhone
		{9E8BE03E-3D60-46C3-9343-DC8CFD0A7C50}.Debug|Any CPU.ActiveCfg = Debug|iPhone
		{9E8BE03E-3D60-46C3-9343-DC8CFD0A7C50}.Debug|ARM.ActiveCfg = Debug|iPhone
		{9E8BE03E-3D60-46C3-9343-DC8CFD0A7C50}.Debug|iPhone.ActiveCfg = Debug|iPhone
		{9E8BE03E-3D60-46C3-9343-DC8CFD0A7C50}.Debug|iPhone.Build.0 = Debug|iPhone
		{9E8BE03E-3D60-46C3-9343-DC8CFD0A7C50}.Debug|iPhone.Deploy.0 = Debug|iPhone
		{9E8BE03E-3D60-46C3-9343-DC8CFD0A7C50}.Debug|iPhoneSimulator.ActiveCfg = Debug|iPhoneSimulator
		{9E8BE03E-3D60-46C3-9343-DC8CFD0A7C50}.Debug|iPhoneSimulator.Build.0 = Debug|iPhoneSimulator
		{9E8BE03E-3D60-46C3-9343-DC8CFD0A7C50}.Debug|iPhoneSimulator.Deploy.0 = Debug|iPhoneSimulator
		{9E8BE03E-3D60-46C3-9343-DC8CFD0A7C50}.Debug|Mixed Platforms.ActiveCfg = Debug|iPhone
		{9E8BE03E-3D60-46C3-9343-DC8CFD0A7C50}.Debug|Mixed Platforms.Build.0 = Debug|iPhone
		{9E8BE03E-3D60-46C3-9343-DC8CFD0A7C50}.Debug|Mixed Platforms.Deploy.0 = Debug|iPhone
		{9E8BE03E-3D60-46C3-9343-DC8CFD0A7C50}.Debug|x86.ActiveCfg = Debug|iPhone
		{9E8BE03E-3D60-46C3-9343-DC8CFD0A7C50}.Release|Any CPU.ActiveCfg = Release|iPhone
		{9E8BE03E-3D60-46C3-9343-DC8CFD0A7C50}.Release|ARM.ActiveCfg = Release|iPhone
		{9E8BE03E-3D60-46C3-9343-DC8CFD0A7C50}.Release|iPhone.ActiveCfg = Release|iPhone
		{9E8BE03E-3D60-46C3-9343-DC8CFD0A7C50}.Release|iPhone.Build.0 = Release|iPhone
		{9E8BE03E-3D60-46C3-9343-DC8CFD0A7C50}.Release|iPhone.Deploy.0 = Release|iPhone
		{9E8BE03E-3D60-46C3-9343-DC8CFD0A7C50}.Release|iPhoneSimulator.ActiveCfg = Release|iPhoneSimulator
		{9E8BE03E-3D60-46C3-9343-DC8CFD0A7C50}.Release|iPhoneSimulator.Build.0 = Release|iPhoneSimulator
		{9E8BE03E-3D60-46C3-9343-DC8CFD0A7C50}.Release|iPhoneSimulator.Deploy.0 = Release|iPhoneSimulator
		{9E8BE03E-3D60-46C3-9343-DC8CFD0A7C50}.Release|Mixed Platforms.ActiveCfg = Release|iPhone
		{9E8BE03E-3D60-46C3-9343-DC8CFD0A7C50}.Release|Mixed Platforms.Build.0 = Release|iPhone
		{9E8BE03E-3D60-46C3-9343-DC8CFD0A7C50}.Release|Mixed Platforms.Deploy.0 = Release|iPhone
		{9E8BE03E-3D60-46C3-9343-DC8CFD0A7C50}.Release|x86.ActiveCfg = Release|iPhone
	EndGlobalSection
	GlobalSection(NestedProjects) = preSolution
		{244344ED-821F-429D-99BB-643504BA916C} = {FCFAB0F4-5829-4611-901F-4DBB98552FDE}
		{28603CF1-EB95-4617-84A0-4E0B0A4FC368} = {FCFAB0F4-5829-4611-901F-4DBB98552FDE}
		{94F187BE-99E0-4A71-9F5A-DEB227B811FC} = {FCFAB0F4-5829-4611-901F-4DBB98552FDE}
		{4C5AABDF-D352-498F-A59A-70BD3D1EB30D} = {FCFAB0F4-5829-4611-901F-4DBB98552FDE}
		{4EF67590-11AA-49AF-830B-1144B96AE1E6} = {76243B73-9FC7-4EE1-841B-2EF2C01263EB}
		{8BD51290-2E41-42A6-B756-A6FD9CE82515} = {76243B73-9FC7-4EE1-841B-2EF2C01263EB}
		{3CBA333F-6BAF-478C-8C88-D466EBF89E74} = {76243B73-9FC7-4EE1-841B-2EF2C01263EB}
		{9E8BE03E-3D60-46C3-9343-DC8CFD0A7C50} = {76243B73-9FC7-4EE1-841B-2EF2C01263EB}
	EndGlobalSection
	GlobalSection(MonoDevelopProperties) = preSolution
		StartupItem = Sample.Droid\Sample.Droid.csproj
	EndGlobalSection
	GlobalSection(SolutionProperties) = preSolution
		HideSolutionNode = FALSE
	EndGlobalSection
EndGlobal
